<?xml version="1.0" encoding="utf-8"?>
<Project ToolsVersion="4.0" xmlns="http://schemas.microsoft.com/developer/msbuild/2003">
  <ItemGroup>
    <Filter Include="src">
      <UniqueIdentifier>{ecb64a94-0638-4d6c-aabc-ad7bb633f419}</UniqueIdentifier>
    </Filter>
    <Filter Include="src\bench">
      <UniqueIdentifier>{08536749-6d0c-4a84-8cae-99e8748615b1}</UniqueIdentifier>
    </Filter>
  </ItemGroup>
  <ItemGroup>
    <ClCompile Include="..\..\src\bench\bench_radix_sort.cc">
      <Filter>src\bench</Filter>
    </ClCompile>
  </ItemGroup>
</Project>