<?xml version="1.0" encoding="utf-8"?>
<!-- Copyright (c) 2015-2019 LunarG, Inc. -->
<Project ToolsVersion="4.0" xmlns="http://schemas.microsoft.com/developer/msbuild/2003">
  <ItemGroup>
    <Filter Include="src">
      <UniqueIdentifier>{6afff39b-359f-455b-bd49-8cf1cb5419f2}</UniqueIdentifier>
    </Filter>
    <Filter Include="include">
      <UniqueIdentifier>{194aea3e-f4ca-4662-8ee7-6ff259f113ec}</UniqueIdentifier>
    </Filter>
    <Filter Include="src\elasticize">
      <UniqueIdentifier>{f056fae4-3dda-426b-8467-d08ebffb190e}</UniqueIdentifier>
    </Filter>
    <Filter Include="include\elasticize">
      <UniqueIdentifier>{ff3591a9-62b6-4e8e-aacf-a6ea0bf2f52e}</UniqueIdentifier>
    </Filter>
    <Filter Include="include\elasticize\window">
      <UniqueIdentifier>{5be257cc-f8af-4d7e-9cb9-aa8e70b2f710}</UniqueIdentifier>
    </Filter>
    <Filter Include="src\elasticize\window">
      <UniqueIdentifier>{dacb0197-d863-43ed-802c-a14a301b880a}</UniqueIdentifier>
    </Filter>
    <Filter Include="include\elasticize\gpu">
      <UniqueIdentifier>{38a6ccbe-28f8-4031-843f-a0bc6c3f4547}</UniqueIdentifier>
    </Filter>
    <Filter Include="src\elasticize\gpu">
      <UniqueIdentifier>{4139d1ad-3ca4-49c3-9739-682d98387d7c}</UniqueIdentifier>
    </Filter>
    <Filter Include="src\elasticize\shader">
      <UniqueIdentifier>{87d8ef90-f07d-4ef5-b757-f2a9cad117a8}</UniqueIdentifier>
    </Filter>
    <Filter Include="include\elasticize\utils">
      <UniqueIdentifier>{bdbaba24-bdc3-43e3-bf5b-624939b3b006}</UniqueIdentifier>
    </Filter>
    <Filter Include="src\elasticize\utils">
      <UniqueIdentifier>{4e0b81ef-a2eb-4664-ad40-0dc0ccd03847}</UniqueIdentifier>
    </Filter>
  </ItemGroup>
  <ItemGroup>
    <ClCompile Include="..\..\src\elasticize\window\window.cc">
      <Filter>src\elasticize\window</Filter>
    </ClCompile>
    <ClCompile Include="..\..\src\elasticize\elasticize.cc">
      <Filter>src\elasticize</Filter>
    </ClCompile>
    <ClCompile Include="..\..\src\elasticize\window\window_manager.cc">
      <Filter>src\elasticize\window</Filter>
    </ClCompile>
    <ClCompile Include="..\..\src\elasticize\gpu\engine.cc">
      <Filter>src\elasticize\gpu</Filter>
    </ClCompile>
    <ClCompile Include="..\..\src\elasticize\utils\timer.cc">
      <Filter>src\elasticize\utils</Filter>
    </ClCompile>
    <ClCompile Include="..\..\src\elasticize\gpu\execution.cc">
      <Filter>src\elasticize\gpu</Filter>
    </ClCompile>
    <ClCompile Include="..\..\src\elasticize\gpu\descriptor_set.cc">
      <Filter>src\elasticize\gpu</Filter>
    </ClCompile>
    <ClCompile Include="..\..\src\elasticize\gpu\descriptor_set_layout.cc">
      <Filter>src\elasticize\gpu</Filter>
    </ClCompile>
    <ClCompile Include="..\..\src\elasticize\gpu\compute_shader.cc">
      <Filter>src\elasticize\gpu</Filter>
    </ClCompile>
  </ItemGroup>
  <ItemGroup>
    <ClInclude Include="..\..\include\elasticize\elasticize.h">
      <Filter>include\elasticize</Filter>
    </ClInclude>
    <ClInclude Include="..\..\include\elasticize\window\window.h">
      <Filter>include\elasticize\window</Filter>
    </ClInclude>
    <ClInclude Include="..\..\include\elasticize\window\window_manager.h">
      <Filter>include\elasticize\window</Filter>
    </ClInclude>
    <ClInclude Include="..\..\include\elasticize\gpu\engine.h">
      <Filter>include\elasticize\gpu</Filter>
    </ClInclude>
    <ClInclude Include="..\..\include\elasticize\gpu\buffer.h">
      <Filter>include\elasticize\gpu</Filter>
    </ClInclude>
    <ClInclude Include="..\..\include\elasticize\utils\timer.h">
      <Filter>include\elasticize\utils</Filter>
    </ClInclude>
    <ClInclude Include="..\..\include\elasticize\gpu\execution.h">
      <Filter>include\elasticize\gpu</Filter>
    </ClInclude>
    <ClInclude Include="..\..\include\elasticize\gpu\compute_shader.h">
      <Filter>include\elasticize\gpu</Filter>
    </ClInclude>
    <ClInclude Include="..\..\include\elasticize\gpu\descriptor_set.h">
      <Filter>include\elasticize\gpu</Filter>
    </ClInclude>
    <ClInclude Include="..\..\include\elasticize\gpu\descriptor_set_layout.h">
      <Filter>include\elasticize\gpu</Filter>
    </ClInclude>
  </ItemGroup>
  <ItemGroup>
    <None Include="..\..\src\elasticize\shader\count.comp">
      <Filter>src\elasticize\shader</Filter>
    </None>
    <None Include="..\..\include\elasticize\gpu\buffer.inl">
      <Filter>include\elasticize\gpu</Filter>
    </None>
    <None Include="..\..\src\elasticize\shader\scan_forward.comp">
      <Filter>src\elasticize\shader</Filter>
    </None>
    <None Include="..\..\src\elasticize\shader\scan_backward.comp">
      <Filter>src\elasticize\shader</Filter>
    </None>
    <None Include="..\..\src\elasticize\shader\distribute.comp">
      <Filter>src\elasticize\shader</Filter>
    </None>
  </ItemGroup>
</Project>